
Microsoft Visual Studio Solution File, Format Version 12.00
# Visual Studio Version 17
VisualStudioVersion = 17.11.35312.102
MinimumVisualStudioVersion = 10.0.40219.1
Project("{FAE04EC0-301F-11D3-BF4B-00C04F79EFBC}") = "nhom17WedsiteBanSach", "nhom17WedsiteBanSach\nhom17WedsiteBanSach.csproj", "{012965B7-F733-4CDA-811A-CDADFFD8E59E}"
EndProject
Global
	GlobalSection(SolutionConfigurationPlatforms) = preSolution
		Debug|Any CPU = Debug|Any CPU
		Release|Any CPU = Release|Any CPU
	EndGlobalSection
	GlobalSection(ProjectConfigurationPlatforms) = postSolution
		{012965B7-F733-4CDA-811A-CDADFFD8E59E}.Debug|Any CPU.ActiveCfg = Debug|Any CPU
		{012965B7-F733-4CDA-811A-CDADFFD8E59E}.Debug|Any CPU.Build.0 = Debug|Any CPU
		{012965B7-F733-4CDA-811A-CDADFFD8E59E}.Release|Any CPU.ActiveCfg = Release|Any CPU
		{012965B7-F733-4CDA-811A-CDADFFD8E59E}.Release|Any CPU.Build.0 = Release|Any CPU
	EndGlobalSection
	GlobalSection(SolutionProperties) = preSolution
		HideSolutionNode = FALSE
	EndGlobalSection
	GlobalSection(ExtensibilityGlobals) = postSolution
		SolutionGuid = {4F937BD5-2C77-4A55-8700-FEA0AC413A65}
	EndGlobalSection
EndGlobal
